
Microsoft Visual Studio Solution File, Format Version 12.00
# Visual Studio Version 17
VisualStudioVersion = 17.7.34221.43
MinimumVisualStudioVersion = 10.0.40219.1
Project("{FAE04EC0-301F-11D3-BF4B-00C04F79EFBC}") = "CAProperty", "CAProperty\CAProperty.csproj", "{26E03245-C892-49C3-BFD8-874035E6CEA8}"
EndProject
Global
	GlobalSection(SolutionConfigurationPlatforms) = preSolution
		Debug|Any CPU = Debug|Any CPU
		Release|Any CPU = Release|Any CPU
	EndGlobalSection
	GlobalSection(ProjectConfigurationPlatforms) = postSolution
		{26E03245-C892-49C3-BFD8-874035E6CEA8}.Debug|Any CPU.ActiveCfg = Debug|Any CPU
		{26E03245-C892-49C3-BFD8-874035E6CEA8}.Debug|Any CPU.Build.0 = Debug|Any CPU
		{26E03245-C892-49C3-BFD8-874035E6CEA8}.Release|Any CPU.ActiveCfg = Release|Any CPU
		{26E03245-C892-49C3-BFD8-874035E6CEA8}.Release|Any CPU.Build.0 = Release|Any CPU
	EndGlobalSection
	GlobalSection(SolutionProperties) = preSolution
		HideSolutionNode = FALSE
	EndGlobalSection
	GlobalSection(ExtensibilityGlobals) = postSolution
		SolutionGuid = {3A8A7E77-928A-4C26-9550-E628DE76622D}
	EndGlobalSection
EndGlobal
